github.com/KKKZOZ/hugo-admonitions v0.4.5 h1:Z2feKyOirh5ra7Ut5hirV1Pnv8syizl0rf6FkjQKThE=
github.com/KKKZOZ/hugo-admonitions v0.4.5/go.mod h1:4PsJAsqo3mS3VzAtDLa8k0ds+CJQUWZhAo9kLi1NRlM=
github.com/alex-shpak/hugo-book v0.0.0-20250203221943-645c868cec13 h1:Uiv/1d+alEEB6czCawa8rbKLMxgcJl3tbKP4uEmDc/g=
github.com/alex-shpak/hugo-book v0.0.0-20250203221943-645c868cec13/go.mod h1:L4NMyzbn15fpLIpmmtDg9ZFFyTZzw87/lk7M2bMQ7ds=
